
Microsoft Visual Studio Solution File, Format Version 12.00
Project("{FAE04EC0-301F-11D3-BF4B-00C04F79EFBC}") = "SourceGit", "SourceGit\SourceGit.csproj", "{649DB7CB-1B65-4ED3-AF76-679971DE4C6E}"
EndProject
Project("{FAE04EC0-301F-11D3-BF4B-00C04F79EFBC}") = "SourceGit.Test", "SourceGit.Test\SourceGit.Test.csproj", "{AAC754D8-5282-4A33-B089-50DA18CD1D9E}"
EndProject
Project("{FAE04EC0-301F-11D3-BF4B-00C04F79EFBC}") = "SourceGit.Sample", "SourceGit.Sample\SourceGit.Sample.csproj", "{2F8D18BC-58A1-4213-AADF-7673DDD05847}"
EndProject
Global
	GlobalSection(SolutionConfigurationPlatforms) = preSolution
		Debug|Any CPU = Debug|Any CPU
		Release|Any CPU = Release|Any CPU
	EndGlobalSection
	GlobalSection(ProjectConfigurationPlatforms) = postSolution
		{649DB7CB-1B65-4ED3-AF76-679971DE4C6E}.Debug|Any CPU.ActiveCfg = Debug|Any CPU
		{649DB7CB-1B65-4ED3-AF76-679971DE4C6E}.Debug|Any CPU.Build.0 = Debug|Any CPU
		{649DB7CB-1B65-4ED3-AF76-679971DE4C6E}.Release|Any CPU.ActiveCfg = Release|Any CPU
		{649DB7CB-1B65-4ED3-AF76-679971DE4C6E}.Release|Any CPU.Build.0 = Release|Any CPU
		{AAC754D8-5282-4A33-B089-50DA18CD1D9E}.Debug|Any CPU.ActiveCfg = Debug|Any CPU
		{AAC754D8-5282-4A33-B089-50DA18CD1D9E}.Debug|Any CPU.Build.0 = Debug|Any CPU
		{AAC754D8-5282-4A33-B089-50DA18CD1D9E}.Release|Any CPU.ActiveCfg = Release|Any CPU
		{AAC754D8-5282-4A33-B089-50DA18CD1D9E}.Release|Any CPU.Build.0 = Release|Any CPU
		{2F8D18BC-58A1-4213-AADF-7673DDD05847}.Debug|Any CPU.ActiveCfg = Debug|Any CPU
		{2F8D18BC-58A1-4213-AADF-7673DDD05847}.Debug|Any CPU.Build.0 = Debug|Any CPU
		{2F8D18BC-58A1-4213-AADF-7673DDD05847}.Release|Any CPU.ActiveCfg = Release|Any CPU
		{2F8D18BC-58A1-4213-AADF-7673DDD05847}.Release|Any CPU.Build.0 = Release|Any CPU
	EndGlobalSection
EndGlobal
